
Microsoft Visual Studio Solution File, Format Version 12.00
# Visual Studio Version 17
VisualStudioVersion = 17.9.34616.47
MinimumVisualStudioVersion = 10.0.40219.1
Project("{2150E333-8FDC-42A3-9474-1A3956D46DE8}") = "2", "2", "{D06922F9-3B8D-44B7-9A8A-E279690812F0}"
EndProject
Project("{2150E333-8FDC-42A3-9474-1A3956D46DE8}") = "dependencies", "dependencies", "{5A7FAFE7-33D7-446D-8D81-85669119F5CF}"
EndProject
Project("{2150E333-8FDC-42A3-9474-1A3956D46DE8}") = "glfw", "glfw", "{FE23300E-1106-4E17-9E3D-468DCA98C6BC}"
EndProject
Project("{2150E333-8FDC-42A3-9474-1A3956D46DE8}") = "glut", "glut", "{40E23D60-8883-45A4-9DBA-AF9B9562C074}"
EndProject
Project("{2150E333-8FDC-42A3-9474-1A3956D46DE8}") = "src", "src", "{BB262CB2-7BC3-46FF-93E9-E6E2A694E372}"
	ProjectSection(SolutionItems) = preProject
		dependencies\glfw\src\glfw3.h = dependencies\glfw\src\glfw3.h
		dependencies\glfw\src\glfw3native.h = dependencies\glfw\src\glfw3native.h
	EndProjectSection
EndProject
Project("{2150E333-8FDC-42A3-9474-1A3956D46DE8}") = "lib", "lib", "{2274D789-F9AC-4D15-8688-155C65ED95B5}"
	ProjectSection(SolutionItems) = preProject
		dependencies\glfw\lib\glfw3.lib = dependencies\glfw\lib\glfw3.lib
		dependencies\glfw\lib\glfw3dll.lib = dependencies\glfw\lib\glfw3dll.lib
		dependencies\glfw\lib\glfw3_mt.lib = dependencies\glfw\lib\glfw3_mt.lib
	EndProjectSection
EndProject
Project("{2150E333-8FDC-42A3-9474-1A3956D46DE8}") = "src", "src", "{5FCEBAF8-994B-4B88-A965-63FD321D53D2}"
	ProjectSection(SolutionItems) = preProject
		dependencies\glut\src\freeglut.h = dependencies\glut\src\freeglut.h
		dependencies\glut\src\freeglut_ext.h = dependencies\glut\src\freeglut_ext.h
		dependencies\glut\src\freeglut_std.h = dependencies\glut\src\freeglut_std.h
		dependencies\glut\src\freeglut_ucall.h = dependencies\glut\src\freeglut_ucall.h
		dependencies\glut\src\glut.h = dependencies\glut\src\glut.h
	EndProjectSection
EndProject
Project("{2150E333-8FDC-42A3-9474-1A3956D46DE8}") = "lib", "lib", "{201D0C87-2C8B-4A3A-B0DF-BD3F98F8CFDB}"
	ProjectSection(SolutionItems) = preProject
		dependencies\glut\lib\freeglutd.lib = dependencies\glut\lib\freeglutd.lib
	EndProjectSection
EndProject
Project("{2150E333-8FDC-42A3-9474-1A3956D46DE8}") = "2.1", "2.1", "{382031CA-1A0C-41E0-9ADE-DE10DA98C691}"
EndProject
Project("{2150E333-8FDC-42A3-9474-1A3956D46DE8}") = "2.2", "2.2", "{5B1A6621-B3B3-45A1-B2B9-8E1EF2CC2649}"
EndProject
Project("{2150E333-8FDC-42A3-9474-1A3956D46DE8}") = "2.3", "2.3", "{546D116B-A44C-4FAF-A77B-18A06CE61235}"
EndProject
Project("{8BC9CEB8-8B4A-11D0-8D11-00A0C91BC942}") = "Labwork2.1", "2\2.1\Labwork2.1.vcxproj", "{1E3E0E9B-F6EB-43E3-9AE2-4B7D8B2ECD9A}"
EndProject
Project("{8BC9CEB8-8B4A-11D0-8D11-00A0C91BC942}") = "Labwork2.2", "2\2.2\Labwork2.2.vcxproj", "{E5AD61C8-303E-4BD5-A80D-93AE00E51CC2}"
EndProject
Project("{8BC9CEB8-8B4A-11D0-8D11-00A0C91BC942}") = "Labwork2.3", "2\2.3\Labwork2.3.vcxproj", "{474EBDB6-590D-4180-9915-EC70FB3C305B}"
EndProject
Project("{2150E333-8FDC-42A3-9474-1A3956D46DE8}") = "2.4", "2.4", "{7120D76D-997F-47AF-8C08-981A1F955E88}"
EndProject
Project("{2150E333-8FDC-42A3-9474-1A3956D46DE8}") = "2.4.1", "2.4.1", "{A5F0C6A5-BF5E-4A69-83C1-C5A1D5216DE5}"
EndProject
Project("{8BC9CEB8-8B4A-11D0-8D11-00A0C91BC942}") = "Labwork2.4.1", "2\2.4\2.4.1\Labwork2.4.1.vcxproj", "{B70BE6A8-BF32-4150-A4F4-B27615832655}"
EndProject
Project("{2150E333-8FDC-42A3-9474-1A3956D46DE8}") = "2.4.2", "2.4.2", "{AA391BD7-C71A-4437-807D-CDFE1165F3F1}"
EndProject
Project("{2150E333-8FDC-42A3-9474-1A3956D46DE8}") = "2.4.3", "2.4.3", "{D30D2FEF-DE50-4F51-953D-1F7CEFFA6736}"
EndProject
Project("{2150E333-8FDC-42A3-9474-1A3956D46DE8}") = "2.4.4", "2.4.4", "{51DEF370-4BC1-4523-A7AA-D4B430580076}"
EndProject
Project("{8BC9CEB8-8B4A-11D0-8D11-00A0C91BC942}") = "Labwork2.4.2", "2\2.4\2.4.2\Labwork2.4.2.vcxproj", "{059D0F9F-F8B7-466B-A3DF-5E0724157A8A}"
EndProject
Project("{8BC9CEB8-8B4A-11D0-8D11-00A0C91BC942}") = "Labwork2.4.3", "2\2.4\2.4.3\Labwork2.4.3.vcxproj", "{29D9B909-4E29-49F4-9615-BAE84F1F53C9}"
EndProject
Project("{8BC9CEB8-8B4A-11D0-8D11-00A0C91BC942}") = "Labwork2.4.4", "2\2.4\2.4.4\Labwork2.4.4.vcxproj", "{2FAD8701-D434-4727-A621-EF6EF6105ECA}"
EndProject
Project("{2150E333-8FDC-42A3-9474-1A3956D46DE8}") = "2.4.5", "2.4.5", "{802F19E9-023B-4BAE-8106-DB0106E15577}"
EndProject
Project("{8BC9CEB8-8B4A-11D0-8D11-00A0C91BC942}") = "Labwork2.4.5", "2\2.4\2.4.5\Labwork2.4.5.vcxproj", "{DB70757C-5C87-40C5-91AD-DFFCFB09BCE2}"
EndProject
Project("{2150E333-8FDC-42A3-9474-1A3956D46DE8}") = "3", "3", "{34A0EEA8-ED30-4BDD-A58B-E01CFC1C6639}"
EndProject
Project("{2150E333-8FDC-42A3-9474-1A3956D46DE8}") = "3.1", "3.1", "{9E5FC40B-FAC4-4322-8311-F95BE1A38E57}"
EndProject
Project("{2150E333-8FDC-42A3-9474-1A3956D46DE8}") = "3.2", "3.2", "{0701FC5F-FA8E-4686-A4DB-2E8AF443B9AC}"
EndProject
Project("{2150E333-8FDC-42A3-9474-1A3956D46DE8}") = "3.3", "3.3", "{D83C893E-1179-4237-9E06-98F3F83FDC5B}"
EndProject
Project("{2150E333-8FDC-42A3-9474-1A3956D46DE8}") = "3.4", "3.4", "{D199FD20-462D-4D30-A210-9C449CB35C0F}"
EndProject
Project("{2150E333-8FDC-42A3-9474-1A3956D46DE8}") = "3.5", "3.5", "{8440D331-0EDC-4546-B20A-5E18391F27C9}"
EndProject
Project("{8BC9CEB8-8B4A-11D0-8D11-00A0C91BC942}") = "Labwork3.1", "3\3.1\Labwork3.1.vcxproj", "{CDA359C6-37E9-45FB-89AB-FADEB2203940}"
EndProject
Project("{8BC9CEB8-8B4A-11D0-8D11-00A0C91BC942}") = "Labwork3.2", "3\3.2\Labwork3.2.vcxproj", "{0C6B4612-7DCE-4415-92FD-8C5033390F9D}"
EndProject
Project("{8BC9CEB8-8B4A-11D0-8D11-00A0C91BC942}") = "Labwork3.3", "3\3.3\Labwork3.3.vcxproj", "{245EB812-9EFE-4591-948E-52E686DF0625}"
EndProject
Global
	GlobalSection(SolutionConfigurationPlatforms) = preSolution
		Debug|x64 = Debug|x64
		Debug|x86 = Debug|x86
		Release|x64 = Release|x64
		Release|x86 = Release|x86
	EndGlobalSection
	GlobalSection(ProjectConfigurationPlatforms) = postSolution
		{1E3E0E9B-F6EB-43E3-9AE2-4B7D8B2ECD9A}.Debug|x64.ActiveCfg = Debug|x64
		{1E3E0E9B-F6EB-43E3-9AE2-4B7D8B2ECD9A}.Debug|x64.Build.0 = Debug|x64
		{1E3E0E9B-F6EB-43E3-9AE2-4B7D8B2ECD9A}.Debug|x86.ActiveCfg = Debug|Win32
		{1E3E0E9B-F6EB-43E3-9AE2-4B7D8B2ECD9A}.Debug|x86.Build.0 = Debug|Win32
		{1E3E0E9B-F6EB-43E3-9AE2-4B7D8B2ECD9A}.Release|x64.ActiveCfg = Release|x64
		{1E3E0E9B-F6EB-43E3-9AE2-4B7D8B2ECD9A}.Release|x64.Build.0 = Release|x64
		{1E3E0E9B-F6EB-43E3-9AE2-4B7D8B2ECD9A}.Release|x86.ActiveCfg = Release|Win32
		{1E3E0E9B-F6EB-43E3-9AE2-4B7D8B2ECD9A}.Release|x86.Build.0 = Release|Win32
		{E5AD61C8-303E-4BD5-A80D-93AE00E51CC2}.Debug|x64.ActiveCfg = Debug|x64
		{E5AD61C8-303E-4BD5-A80D-93AE00E51CC2}.Debug|x64.Build.0 = Debug|x64
		{E5AD61C8-303E-4BD5-A80D-93AE00E51CC2}.Debug|x86.ActiveCfg = Debug|Win32
		{E5AD61C8-303E-4BD5-A80D-93AE00E51CC2}.Debug|x86.Build.0 = Debug|Win32
		{E5AD61C8-303E-4BD5-A80D-93AE00E51CC2}.Release|x64.ActiveCfg = Release|x64
		{E5AD61C8-303E-4BD5-A80D-93AE00E51CC2}.Release|x64.Build.0 = Release|x64
		{E5AD61C8-303E-4BD5-A80D-93AE00E51CC2}.Release|x86.ActiveCfg = Release|Win32
		{E5AD61C8-303E-4BD5-A80D-93AE00E51CC2}.Release|x86.Build.0 = Release|Win32
		{474EBDB6-590D-4180-9915-EC70FB3C305B}.Debug|x64.ActiveCfg = Debug|x64
		{474EBDB6-590D-4180-9915-EC70FB3C305B}.Debug|x64.Build.0 = Debug|x64
		{474EBDB6-590D-4180-9915-EC70FB3C305B}.Debug|x86.ActiveCfg = Debug|Win32
		{474EBDB6-590D-4180-9915-EC70FB3C305B}.Debug|x86.Build.0 = Debug|Win32
		{474EBDB6-590D-4180-9915-EC70FB3C305B}.Release|x64.ActiveCfg = Release|x64
		{474EBDB6-590D-4180-9915-EC70FB3C305B}.Release|x64.Build.0 = Release|x64
		{474EBDB6-590D-4180-9915-EC70FB3C305B}.Release|x86.ActiveCfg = Release|Win32
		{474EBDB6-590D-4180-9915-EC70FB3C305B}.Release|x86.Build.0 = Release|Win32
		{B70BE6A8-BF32-4150-A4F4-B27615832655}.Debug|x64.ActiveCfg = Debug|x64
		{B70BE6A8-BF32-4150-A4F4-B27615832655}.Debug|x64.Build.0 = Debug|x64
		{B70BE6A8-BF32-4150-A4F4-B27615832655}.Debug|x86.ActiveCfg = Debug|Win32
		{B70BE6A8-BF32-4150-A4F4-B27615832655}.Debug|x86.Build.0 = Debug|Win32
		{B70BE6A8-BF32-4150-A4F4-B27615832655}.Release|x64.ActiveCfg = Release|x64
		{B70BE6A8-BF32-4150-A4F4-B27615832655}.Release|x64.Build.0 = Release|x64
		{B70BE6A8-BF32-4150-A4F4-B27615832655}.Release|x86.ActiveCfg = Release|Win32
		{B70BE6A8-BF32-4150-A4F4-B27615832655}.Release|x86.Build.0 = Release|Win32
		{059D0F9F-F8B7-466B-A3DF-5E0724157A8A}.Debug|x64.ActiveCfg = Debug|x64
		{059D0F9F-F8B7-466B-A3DF-5E0724157A8A}.Debug|x64.Build.0 = Debug|x64
		{059D0F9F-F8B7-466B-A3DF-5E0724157A8A}.Debug|x86.ActiveCfg = Debug|Win32
		{059D0F9F-F8B7-466B-A3DF-5E0724157A8A}.Debug|x86.Build.0 = Debug|Win32
		{059D0F9F-F8B7-466B-A3DF-5E0724157A8A}.Release|x64.ActiveCfg = Release|x64
		{059D0F9F-F8B7-466B-A3DF-5E0724157A8A}.Release|x64.Build.0 = Release|x64
		{059D0F9F-F8B7-466B-A3DF-5E0724157A8A}.Release|x86.ActiveCfg = Release|Win32
		{059D0F9F-F8B7-466B-A3DF-5E0724157A8A}.Release|x86.Build.0 = Release|Win32
		{29D9B909-4E29-49F4-9615-BAE84F1F53C9}.Debug|x64.ActiveCfg = Debug|x64
		{29D9B909-4E29-49F4-9615-BAE84F1F53C9}.Debug|x64.Build.0 = Debug|x64
		{29D9B909-4E29-49F4-9615-BAE84F1F53C9}.Debug|x86.ActiveCfg = Debug|Win32
		{29D9B909-4E29-49F4-9615-BAE84F1F53C9}.Debug|x86.Build.0 = Debug|Win32
		{29D9B909-4E29-49F4-9615-BAE84F1F53C9}.Release|x64.ActiveCfg = Release|x64
		{29D9B909-4E29-49F4-9615-BAE84F1F53C9}.Release|x64.Build.0 = Release|x64
		{29D9B909-4E29-49F4-9615-BAE84F1F53C9}.Release|x86.ActiveCfg = Release|Win32
		{29D9B909-4E29-49F4-9615-BAE84F1F53C9}.Release|x86.Build.0 = Release|Win32
		{2FAD8701-D434-4727-A621-EF6EF6105ECA}.Debug|x64.ActiveCfg = Debug|x64
		{2FAD8701-D434-4727-A621-EF6EF6105ECA}.Debug|x64.Build.0 = Debug|x64
		{2FAD8701-D434-4727-A621-EF6EF6105ECA}.Debug|x86.ActiveCfg = Debug|Win32
		{2FAD8701-D434-4727-A621-EF6EF6105ECA}.Debug|x86.Build.0 = Debug|Win32
		{2FAD8701-D434-4727-A621-EF6EF6105ECA}.Release|x64.ActiveCfg = Release|x64
		{2FAD8701-D434-4727-A621-EF6EF6105ECA}.Release|x64.Build.0 = Release|x64
		{2FAD8701-D434-4727-A621-EF6EF6105ECA}.Release|x86.ActiveCfg = Release|Win32
		{2FAD8701-D434-4727-A621-EF6EF6105ECA}.Release|x86.Build.0 = Release|Win32
		{DB70757C-5C87-40C5-91AD-DFFCFB09BCE2}.Debug|x64.ActiveCfg = Debug|x64
		{DB70757C-5C87-40C5-91AD-DFFCFB09BCE2}.Debug|x64.Build.0 = Debug|x64
		{DB70757C-5C87-40C5-91AD-DFFCFB09BCE2}.Debug|x86.ActiveCfg = Debug|Win32
		{DB70757C-5C87-40C5-91AD-DFFCFB09BCE2}.Debug|x86.Build.0 = Debug|Win32
		{DB70757C-5C87-40C5-91AD-DFFCFB09BCE2}.Release|x64.ActiveCfg = Release|x64
		{DB70757C-5C87-40C5-91AD-DFFCFB09BCE2}.Release|x64.Build.0 = Release|x64
		{DB70757C-5C87-40C5-91AD-DFFCFB09BCE2}.Release|x86.ActiveCfg = Release|Win32
		{DB70757C-5C87-40C5-91AD-DFFCFB09BCE2}.Release|x86.Build.0 = Release|Win32
		{CDA359C6-37E9-45FB-89AB-FADEB2203940}.Debug|x64.ActiveCfg = Debug|x64
		{CDA359C6-37E9-45FB-89AB-FADEB2203940}.Debug|x64.Build.0 = Debug|x64
		{CDA359C6-37E9-45FB-89AB-FADEB2203940}.Debug|x86.ActiveCfg = Debug|Win32
		{CDA359C6-37E9-45FB-89AB-FADEB2203940}.Debug|x86.Build.0 = Debug|Win32
		{CDA359C6-37E9-45FB-89AB-FADEB2203940}.Release|x64.ActiveCfg = Release|x64
		{CDA359C6-37E9-45FB-89AB-FADEB2203940}.Release|x64.Build.0 = Release|x64
		{CDA359C6-37E9-45FB-89AB-FADEB2203940}.Release|x86.ActiveCfg = Release|Win32
		{CDA359C6-37E9-45FB-89AB-FADEB2203940}.Release|x86.Build.0 = Release|Win32
		{0C6B4612-7DCE-4415-92FD-8C5033390F9D}.Debug|x64.ActiveCfg = Debug|x64
		{0C6B4612-7DCE-4415-92FD-8C5033390F9D}.Debug|x64.Build.0 = Debug|x64
		{0C6B4612-7DCE-4415-92FD-8C5033390F9D}.Debug|x86.ActiveCfg = Debug|Win32
		{0C6B4612-7DCE-4415-92FD-8C5033390F9D}.Debug|x86.Build.0 = Debug|Win32
		{0C6B4612-7DCE-4415-92FD-8C5033390F9D}.Release|x64.ActiveCfg = Release|x64
		{0C6B4612-7DCE-4415-92FD-8C5033390F9D}.Release|x64.Build.0 = Release|x64
		{0C6B4612-7DCE-4415-92FD-8C5033390F9D}.Release|x86.ActiveCfg = Release|Win32
		{0C6B4612-7DCE-4415-92FD-8C5033390F9D}.Release|x86.Build.0 = Release|Win32
		{245EB812-9EFE-4591-948E-52E686DF0625}.Debug|x64.ActiveCfg = Debug|x64
		{245EB812-9EFE-4591-948E-52E686DF0625}.Debug|x64.Build.0 = Debug|x64
		{245EB812-9EFE-4591-948E-52E686DF0625}.Debug|x86.ActiveCfg = Debug|Win32
		{245EB812-9EFE-4591-948E-52E686DF0625}.Debug|x86.Build.0 = Debug|Win32
		{245EB812-9EFE-4591-948E-52E686DF0625}.Release|x64.ActiveCfg = Release|x64
		{245EB812-9EFE-4591-948E-52E686DF0625}.Release|x64.Build.0 = Release|x64
		{245EB812-9EFE-4591-948E-52E686DF0625}.Release|x86.ActiveCfg = Release|Win32
		{245EB812-9EFE-4591-948E-52E686DF0625}.Release|x86.Build.0 = Release|Win32
	EndGlobalSection
	GlobalSection(SolutionProperties) = preSolution
		HideSolutionNode = FALSE
	EndGlobalSection
	GlobalSection(NestedProjects) = preSolution
		{FE23300E-1106-4E17-9E3D-468DCA98C6BC} = {5A7FAFE7-33D7-446D-8D81-85669119F5CF}
		{40E23D60-8883-45A4-9DBA-AF9B9562C074} = {5A7FAFE7-33D7-446D-8D81-85669119F5CF}
		{BB262CB2-7BC3-46FF-93E9-E6E2A694E372} = {FE23300E-1106-4E17-9E3D-468DCA98C6BC}
		{2274D789-F9AC-4D15-8688-155C65ED95B5} = {FE23300E-1106-4E17-9E3D-468DCA98C6BC}
		{5FCEBAF8-994B-4B88-A965-63FD321D53D2} = {40E23D60-8883-45A4-9DBA-AF9B9562C074}
		{201D0C87-2C8B-4A3A-B0DF-BD3F98F8CFDB} = {40E23D60-8883-45A4-9DBA-AF9B9562C074}
		{382031CA-1A0C-41E0-9ADE-DE10DA98C691} = {D06922F9-3B8D-44B7-9A8A-E279690812F0}
		{5B1A6621-B3B3-45A1-B2B9-8E1EF2CC2649} = {D06922F9-3B8D-44B7-9A8A-E279690812F0}
		{546D116B-A44C-4FAF-A77B-18A06CE61235} = {D06922F9-3B8D-44B7-9A8A-E279690812F0}
		{1E3E0E9B-F6EB-43E3-9AE2-4B7D8B2ECD9A} = {382031CA-1A0C-41E0-9ADE-DE10DA98C691}
		{E5AD61C8-303E-4BD5-A80D-93AE00E51CC2} = {5B1A6621-B3B3-45A1-B2B9-8E1EF2CC2649}
		{474EBDB6-590D-4180-9915-EC70FB3C305B} = {546D116B-A44C-4FAF-A77B-18A06CE61235}
		{7120D76D-997F-47AF-8C08-981A1F955E88} = {D06922F9-3B8D-44B7-9A8A-E279690812F0}
		{A5F0C6A5-BF5E-4A69-83C1-C5A1D5216DE5} = {7120D76D-997F-47AF-8C08-981A1F955E88}
		{B70BE6A8-BF32-4150-A4F4-B27615832655} = {A5F0C6A5-BF5E-4A69-83C1-C5A1D5216DE5}
		{AA391BD7-C71A-4437-807D-CDFE1165F3F1} = {7120D76D-997F-47AF-8C08-981A1F955E88}
		{D30D2FEF-DE50-4F51-953D-1F7CEFFA6736} = {7120D76D-997F-47AF-8C08-981A1F955E88}
		{51DEF370-4BC1-4523-A7AA-D4B430580076} = {7120D76D-997F-47AF-8C08-981A1F955E88}
		{059D0F9F-F8B7-466B-A3DF-5E0724157A8A} = {AA391BD7-C71A-4437-807D-CDFE1165F3F1}
		{29D9B909-4E29-49F4-9615-BAE84F1F53C9} = {D30D2FEF-DE50-4F51-953D-1F7CEFFA6736}
		{2FAD8701-D434-4727-A621-EF6EF6105ECA} = {51DEF370-4BC1-4523-A7AA-D4B430580076}
		{802F19E9-023B-4BAE-8106-DB0106E15577} = {7120D76D-997F-47AF-8C08-981A1F955E88}
		{DB70757C-5C87-40C5-91AD-DFFCFB09BCE2} = {802F19E9-023B-4BAE-8106-DB0106E15577}
		{9E5FC40B-FAC4-4322-8311-F95BE1A38E57} = {34A0EEA8-ED30-4BDD-A58B-E01CFC1C6639}
		{0701FC5F-FA8E-4686-A4DB-2E8AF443B9AC} = {34A0EEA8-ED30-4BDD-A58B-E01CFC1C6639}
		{D83C893E-1179-4237-9E06-98F3F83FDC5B} = {34A0EEA8-ED30-4BDD-A58B-E01CFC1C6639}
		{D199FD20-462D-4D30-A210-9C449CB35C0F} = {34A0EEA8-ED30-4BDD-A58B-E01CFC1C6639}
		{8440D331-0EDC-4546-B20A-5E18391F27C9} = {34A0EEA8-ED30-4BDD-A58B-E01CFC1C6639}
		{CDA359C6-37E9-45FB-89AB-FADEB2203940} = {9E5FC40B-FAC4-4322-8311-F95BE1A38E57}
		{0C6B4612-7DCE-4415-92FD-8C5033390F9D} = {0701FC5F-FA8E-4686-A4DB-2E8AF443B9AC}
		{245EB812-9EFE-4591-948E-52E686DF0625} = {D83C893E-1179-4237-9E06-98F3F83FDC5B}
	EndGlobalSection
	GlobalSection(ExtensibilityGlobals) = postSolution
		SolutionGuid = {CB970E91-6EE9-4BDF-8508-84FF4A4131E6}
	EndGlobalSection
EndGlobal
