
Microsoft Visual Studio Solution File, Format Version 12.00
# Visual Studio Version 17
VisualStudioVersion = 17.9.34616.47
MinimumVisualStudioVersion = 10.0.40219.1
Project("{2150E333-8FDC-42A3-9474-1A3956D46DE8}") = "2", "2", "{D06922F9-3B8D-44B7-9A8A-E279690812F0}"
EndProject
Project("{2150E333-8FDC-42A3-9474-1A3956D46DE8}") = "dependencies", "dependencies", "{5A7FAFE7-33D7-446D-8D81-85669119F5CF}"
EndProject
Project("{2150E333-8FDC-42A3-9474-1A3956D46DE8}") = "glfw", "glfw", "{FE23300E-1106-4E17-9E3D-468DCA98C6BC}"
EndProject
Project("{2150E333-8FDC-42A3-9474-1A3956D46DE8}") = "glut", "glut", "{40E23D60-8883-45A4-9DBA-AF9B9562C074}"
EndProject
Project("{2150E333-8FDC-42A3-9474-1A3956D46DE8}") = "src", "src", "{BB262CB2-7BC3-46FF-93E9-E6E2A694E372}"
	ProjectSection(SolutionItems) = preProject
		dependencies\glfw\src\glfw3.h = dependencies\glfw\src\glfw3.h
		dependencies\glfw\src\glfw3native.h = dependencies\glfw\src\glfw3native.h
	EndProjectSection
EndProject
Project("{2150E333-8FDC-42A3-9474-1A3956D46DE8}") = "lib", "lib", "{2274D789-F9AC-4D15-8688-155C65ED95B5}"
	ProjectSection(SolutionItems) = preProject
		dependencies\glfw\lib\glfw3.lib = dependencies\glfw\lib\glfw3.lib
		dependencies\glfw\lib\glfw3dll.lib = dependencies\glfw\lib\glfw3dll.lib
		dependencies\glfw\lib\glfw3_mt.lib = dependencies\glfw\lib\glfw3_mt.lib
	EndProjectSection
EndProject
Project("{2150E333-8FDC-42A3-9474-1A3956D46DE8}") = "src", "src", "{5FCEBAF8-994B-4B88-A965-63FD321D53D2}"
	ProjectSection(SolutionItems) = preProject
		dependencies\glut\src\freeglut.h = dependencies\glut\src\freeglut.h
		dependencies\glut\src\freeglut_ext.h = dependencies\glut\src\freeglut_ext.h
		dependencies\glut\src\freeglut_std.h = dependencies\glut\src\freeglut_std.h
		dependencies\glut\src\freeglut_ucall.h = dependencies\glut\src\freeglut_ucall.h
		dependencies\glut\src\glut.h = dependencies\glut\src\glut.h
	EndProjectSection
EndProject
Project("{2150E333-8FDC-42A3-9474-1A3956D46DE8}") = "lib", "lib", "{201D0C87-2C8B-4A3A-B0DF-BD3F98F8CFDB}"
	ProjectSection(SolutionItems) = preProject
		dependencies\glut\lib\freeglut.lib = dependencies\glut\lib\freeglut.lib
	EndProjectSection
EndProject
Project("{2150E333-8FDC-42A3-9474-1A3956D46DE8}") = "2.1", "2.1", "{382031CA-1A0C-41E0-9ADE-DE10DA98C691}"
EndProject
Project("{2150E333-8FDC-42A3-9474-1A3956D46DE8}") = "2.2", "2.2", "{5B1A6621-B3B3-45A1-B2B9-8E1EF2CC2649}"
EndProject
Project("{2150E333-8FDC-42A3-9474-1A3956D46DE8}") = "2.3", "2.3", "{546D116B-A44C-4FAF-A77B-18A06CE61235}"
EndProject
Project("{8BC9CEB8-8B4A-11D0-8D11-00A0C91BC942}") = "Labwork2.1", "2\2.1\Labwork2.1.vcxproj", "{1E3E0E9B-F6EB-43E3-9AE2-4B7D8B2ECD9A}"
EndProject
Project("{8BC9CEB8-8B4A-11D0-8D11-00A0C91BC942}") = "Labwork2.2", "2\2.2\Labwork2.2.vcxproj", "{E5AD61C8-303E-4BD5-A80D-93AE00E51CC2}"
EndProject
Project("{8BC9CEB8-8B4A-11D0-8D11-00A0C91BC942}") = "Labwork2.3", "2\2.3\Labwork2.3.vcxproj", "{474EBDB6-590D-4180-9915-EC70FB3C305B}"
EndProject
Project("{2150E333-8FDC-42A3-9474-1A3956D46DE8}") = "2.4", "2.4", "{7120D76D-997F-47AF-8C08-981A1F955E88}"
EndProject
Project("{2150E333-8FDC-42A3-9474-1A3956D46DE8}") = "2.4.1", "2.4.1", "{A5F0C6A5-BF5E-4A69-83C1-C5A1D5216DE5}"
EndProject
Project("{8BC9CEB8-8B4A-11D0-8D11-00A0C91BC942}") = "Labwork2.4.1", "2\2.4\2.4.1\Labwork2.4.1.vcxproj", "{B70BE6A8-BF32-4150-A4F4-B27615832655}"
EndProject
Project("{2150E333-8FDC-42A3-9474-1A3956D46DE8}") = "2.4.2", "2.4.2", "{AA391BD7-C71A-4437-807D-CDFE1165F3F1}"
EndProject
Project("{2150E333-8FDC-42A3-9474-1A3956D46DE8}") = "2.4.3", "2.4.3", "{D30D2FEF-DE50-4F51-953D-1F7CEFFA6736}"
EndProject
Project("{2150E333-8FDC-42A3-9474-1A3956D46DE8}") = "2.4.4", "2.4.4", "{51DEF370-4BC1-4523-A7AA-D4B430580076}"
EndProject
Project("{8BC9CEB8-8B4A-11D0-8D11-00A0C91BC942}") = "Labwork2.4.2", "2\2.4\2.4.2\Labwork2.4.2.vcxproj", "{059D0F9F-F8B7-466B-A3DF-5E0724157A8A}"
EndProject
Project("{8BC9CEB8-8B4A-11D0-8D11-00A0C91BC942}") = "Labwork2.4.3", "2\2.4\2.4.3\Labwork2.4.3.vcxproj", "{29D9B909-4E29-49F4-9615-BAE84F1F53C9}"
EndProject
Project("{8BC9CEB8-8B4A-11D0-8D11-00A0C91BC942}") = "Labwork2.4.4", "2\2.4\2.4.4\Labwork2.4.4.vcxproj", "{2FAD8701-D434-4727-A621-EF6EF6105ECA}"
EndProject
Project("{2150E333-8FDC-42A3-9474-1A3956D46DE8}") = "2.4.5", "2.4.5", "{802F19E9-023B-4BAE-8106-DB0106E15577}"
EndProject
Project("{8BC9CEB8-8B4A-11D0-8D11-00A0C91BC942}") = "Labwork2.4.5", "2\2.4\2.4.5\Labwork2.4.5.vcxproj", "{DB70757C-5C87-40C5-91AD-DFFCFB09BCE2}"
EndProject
Project("{2150E333-8FDC-42A3-9474-1A3956D46DE8}") = "3", "3", "{34A0EEA8-ED30-4BDD-A58B-E01CFC1C6639}"
EndProject
Project("{2150E333-8FDC-42A3-9474-1A3956D46DE8}") = "3.1", "3.1", "{9E5FC40B-FAC4-4322-8311-F95BE1A38E57}"
EndProject
Project("{2150E333-8FDC-42A3-9474-1A3956D46DE8}") = "3.2", "3.2", "{0701FC5F-FA8E-4686-A4DB-2E8AF443B9AC}"
EndProject
Project("{2150E333-8FDC-42A3-9474-1A3956D46DE8}") = "3.3", "3.3", "{D83C893E-1179-4237-9E06-98F3F83FDC5B}"
EndProject
Project("{2150E333-8FDC-42A3-9474-1A3956D46DE8}") = "3.4", "3.4", "{D199FD20-462D-4D30-A210-9C449CB35C0F}"
EndProject
Project("{2150E333-8FDC-42A3-9474-1A3956D46DE8}") = "3.5", "3.5", "{8440D331-0EDC-4546-B20A-5E18391F27C9}"
EndProject
Project("{8BC9CEB8-8B4A-11D0-8D11-00A0C91BC942}") = "Labwork3.1", "3\3.1\Labwork3.1.vcxproj", "{CDA359C6-37E9-45FB-89AB-FADEB2203940}"
EndProject
Project("{8BC9CEB8-8B4A-11D0-8D11-00A0C91BC942}") = "Labwork3.2", "3\3.2\Labwork3.2.vcxproj", "{0C6B4612-7DCE-4415-92FD-8C5033390F9D}"
EndProject
Project("{8BC9CEB8-8B4A-11D0-8D11-00A0C91BC942}") = "Labwork3.3", "3\3.3\Labwork3.3.vcxproj", "{245EB812-9EFE-4591-948E-52E686DF0625}"
EndProject
Project("{8BC9CEB8-8B4A-11D0-8D11-00A0C91BC942}") = "Labwork3.4", "3\3.4\Labwork3.4.vcxproj", "{6163F609-26ED-4DA7-85D6-F6FFAC13F2CF}"
EndProject
Project("{8BC9CEB8-8B4A-11D0-8D11-00A0C91BC942}") = "Labwork3.5", "3\3.5\Labwork3.5.vcxproj", "{5B54D832-09F2-492B-A609-5BCB23BFE22E}"
EndProject
Project("{2150E333-8FDC-42A3-9474-1A3956D46DE8}") = "4", "4", "{DA8ECBD3-F24A-4498-803D-CC0222BCAFA8}"
EndProject
Project("{2150E333-8FDC-42A3-9474-1A3956D46DE8}") = "4.2", "4.2", "{47F7537D-E5A7-4335-9526-6154CD87C6E6}"
EndProject
Project("{2150E333-8FDC-42A3-9474-1A3956D46DE8}") = "4.3", "4.3", "{F149ED01-4284-4C0D-9FFA-6D8C961828CB}"
EndProject
Project("{2150E333-8FDC-42A3-9474-1A3956D46DE8}") = "4.4", "4.4", "{29C82919-022C-4E19-B31B-CB19B415E4EE}"
EndProject
Project("{8BC9CEB8-8B4A-11D0-8D11-00A0C91BC942}") = "Labwork4.2", "4\4.2\Labwork4.2.vcxproj", "{0DB3B450-8703-4A74-92BC-3453D865F675}"
EndProject
Project("{2150E333-8FDC-42A3-9474-1A3956D46DE8}") = "4.3.2", "4.3.2", "{FDC9F293-C040-488A-BED2-A35EDB8ABD50}"
EndProject
Project("{8BC9CEB8-8B4A-11D0-8D11-00A0C91BC942}") = "Labwork4.3.2", "4\4.3\4.3.2\Labwork4.3.2.vcxproj", "{51A975B8-E0F1-4187-A8AA-436627C049BA}"
EndProject
Project("{8BC9CEB8-8B4A-11D0-8D11-00A0C91BC942}") = "Labwork4.4", "4\4.4\Labwork4.4.vcxproj", "{D4FB5846-8C05-478A-B40A-1F7370497187}"
EndProject
Project("{2150E333-8FDC-42A3-9474-1A3956D46DE8}") = "5", "5", "{156892C7-CE3D-45A4-B3A7-F6BA8091399F}"
EndProject
Project("{2150E333-8FDC-42A3-9474-1A3956D46DE8}") = "5.1", "5.1", "{CCDD8B65-7562-40FD-9EB8-AF86226896AD}"
EndProject
Project("{2150E333-8FDC-42A3-9474-1A3956D46DE8}") = "5.2", "5.2", "{AAD0FC10-6671-4C82-BEBF-3E41E933441A}"
EndProject
Project("{2150E333-8FDC-42A3-9474-1A3956D46DE8}") = "5.3", "5.3", "{0B79130B-A8EB-40CE-9EE1-055CA341055C}"
EndProject
Project("{2150E333-8FDC-42A3-9474-1A3956D46DE8}") = "5.4", "5.4", "{F202F1A7-A1FE-47B9-A274-DBC475626C8B}"
EndProject
Project("{8BC9CEB8-8B4A-11D0-8D11-00A0C91BC942}") = "Labwork5.1", "5\5.1\Labwork5.1.vcxproj", "{E95566A6-5F41-43CD-82E9-9B1113AE9BFE}"
EndProject
Project("{8BC9CEB8-8B4A-11D0-8D11-00A0C91BC942}") = "Labwork5.3", "5\5.3\Labwork5.3.vcxproj", "{C2986311-32B2-481D-ABCC-C5961174F5D9}"
EndProject
Project("{2150E333-8FDC-42A3-9474-1A3956D46DE8}") = "5.2.1", "5.2.1", "{64097DB2-FEEE-41BC-9534-6D1501F0CFDF}"
EndProject
Project("{2150E333-8FDC-42A3-9474-1A3956D46DE8}") = "5.2.2", "5.2.2", "{AC73A740-F072-4A4D-AA41-3D0C986572F2}"
EndProject
Project("{8BC9CEB8-8B4A-11D0-8D11-00A0C91BC942}") = "Labwork5.2.1", "5\5.2\5.2.1\Labwork5.2.1.vcxproj", "{19565238-96B0-4869-AEA9-D229F54018B0}"
EndProject
Project("{8BC9CEB8-8B4A-11D0-8D11-00A0C91BC942}") = "Labwork5.2.2", "5\5.2\5.2.2\Labwork5.2.2.vcxproj", "{781599FF-C378-4EEB-95A6-373823FC470D}"
EndProject
Project("{8BC9CEB8-8B4A-11D0-8D11-00A0C91BC942}") = "Labwork5.4", "5\5.4\Labwork5.4.vcxproj", "{1D1EDD0E-3591-49DE-909D-1EDD0E6643A0}"
EndProject
Project("{2150E333-8FDC-42A3-9474-1A3956D46DE8}") = "6", "6", "{CC5CDC59-4161-47D5-A715-BD7DA6E065AF}"
EndProject
Project("{2150E333-8FDC-42A3-9474-1A3956D46DE8}") = "6.1", "6.1", "{9B3BCE20-101B-4428-8725-67B3CE7BCA6D}"
EndProject
Project("{2150E333-8FDC-42A3-9474-1A3956D46DE8}") = "6.2", "6.2", "{E6AB46A3-E93E-4312-8648-7ECB46931F64}"
EndProject
Project("{2150E333-8FDC-42A3-9474-1A3956D46DE8}") = "6.3", "6.3", "{622E1A03-1633-47A1-8896-7D7B46A21697}"
EndProject
Project("{8BC9CEB8-8B4A-11D0-8D11-00A0C91BC942}") = "Labwork6.1", "6\6.1\Labwork6.1.vcxproj", "{50DB8A1F-16BA-49AB-80FE-BC9BA7CB350B}"
EndProject
Project("{8BC9CEB8-8B4A-11D0-8D11-00A0C91BC942}") = "Labwork6.2", "6\6.2\Labwork6.2.vcxproj", "{AC240E93-0455-4157-806F-31EF174EF522}"
EndProject
Project("{8BC9CEB8-8B4A-11D0-8D11-00A0C91BC942}") = "Labwork6.3", "6\Labwork6.3\Labwork6.3.vcxproj", "{24821884-F682-4C93-84BC-0FF1F8F3B27E}"
EndProject
Global
	GlobalSection(SolutionConfigurationPlatforms) = preSolution
		Debug|x64 = Debug|x64
		Debug|x86 = Debug|x86
		Release|x64 = Release|x64
		Release|x86 = Release|x86
	EndGlobalSection
	GlobalSection(ProjectConfigurationPlatforms) = postSolution
		{1E3E0E9B-F6EB-43E3-9AE2-4B7D8B2ECD9A}.Debug|x64.ActiveCfg = Debug|x64
		{1E3E0E9B-F6EB-43E3-9AE2-4B7D8B2ECD9A}.Debug|x64.Build.0 = Debug|x64
		{1E3E0E9B-F6EB-43E3-9AE2-4B7D8B2ECD9A}.Debug|x86.ActiveCfg = Debug|Win32
		{1E3E0E9B-F6EB-43E3-9AE2-4B7D8B2ECD9A}.Debug|x86.Build.0 = Debug|Win32
		{1E3E0E9B-F6EB-43E3-9AE2-4B7D8B2ECD9A}.Release|x64.ActiveCfg = Release|x64
		{1E3E0E9B-F6EB-43E3-9AE2-4B7D8B2ECD9A}.Release|x64.Build.0 = Release|x64
		{1E3E0E9B-F6EB-43E3-9AE2-4B7D8B2ECD9A}.Release|x86.ActiveCfg = Release|Win32
		{1E3E0E9B-F6EB-43E3-9AE2-4B7D8B2ECD9A}.Release|x86.Build.0 = Release|Win32
		{E5AD61C8-303E-4BD5-A80D-93AE00E51CC2}.Debug|x64.ActiveCfg = Debug|x64
		{E5AD61C8-303E-4BD5-A80D-93AE00E51CC2}.Debug|x64.Build.0 = Debug|x64
		{E5AD61C8-303E-4BD5-A80D-93AE00E51CC2}.Debug|x86.ActiveCfg = Debug|Win32
		{E5AD61C8-303E-4BD5-A80D-93AE00E51CC2}.Debug|x86.Build.0 = Debug|Win32
		{E5AD61C8-303E-4BD5-A80D-93AE00E51CC2}.Release|x64.ActiveCfg = Release|x64
		{E5AD61C8-303E-4BD5-A80D-93AE00E51CC2}.Release|x64.Build.0 = Release|x64
		{E5AD61C8-303E-4BD5-A80D-93AE00E51CC2}.Release|x86.ActiveCfg = Release|Win32
		{E5AD61C8-303E-4BD5-A80D-93AE00E51CC2}.Release|x86.Build.0 = Release|Win32
		{474EBDB6-590D-4180-9915-EC70FB3C305B}.Debug|x64.ActiveCfg = Debug|x64
		{474EBDB6-590D-4180-9915-EC70FB3C305B}.Debug|x64.Build.0 = Debug|x64
		{474EBDB6-590D-4180-9915-EC70FB3C305B}.Debug|x86.ActiveCfg = Debug|Win32
		{474EBDB6-590D-4180-9915-EC70FB3C305B}.Debug|x86.Build.0 = Debug|Win32
		{474EBDB6-590D-4180-9915-EC70FB3C305B}.Release|x64.ActiveCfg = Release|x64
		{474EBDB6-590D-4180-9915-EC70FB3C305B}.Release|x64.Build.0 = Release|x64
		{474EBDB6-590D-4180-9915-EC70FB3C305B}.Release|x86.ActiveCfg = Release|Win32
		{474EBDB6-590D-4180-9915-EC70FB3C305B}.Release|x86.Build.0 = Release|Win32
		{B70BE6A8-BF32-4150-A4F4-B27615832655}.Debug|x64.ActiveCfg = Debug|x64
		{B70BE6A8-BF32-4150-A4F4-B27615832655}.Debug|x64.Build.0 = Debug|x64
		{B70BE6A8-BF32-4150-A4F4-B27615832655}.Debug|x86.ActiveCfg = Debug|Win32
		{B70BE6A8-BF32-4150-A4F4-B27615832655}.Debug|x86.Build.0 = Debug|Win32
		{B70BE6A8-BF32-4150-A4F4-B27615832655}.Release|x64.ActiveCfg = Release|x64
		{B70BE6A8-BF32-4150-A4F4-B27615832655}.Release|x64.Build.0 = Release|x64
		{B70BE6A8-BF32-4150-A4F4-B27615832655}.Release|x86.ActiveCfg = Release|Win32
		{B70BE6A8-BF32-4150-A4F4-B27615832655}.Release|x86.Build.0 = Release|Win32
		{059D0F9F-F8B7-466B-A3DF-5E0724157A8A}.Debug|x64.ActiveCfg = Debug|x64
		{059D0F9F-F8B7-466B-A3DF-5E0724157A8A}.Debug|x64.Build.0 = Debug|x64
		{059D0F9F-F8B7-466B-A3DF-5E0724157A8A}.Debug|x86.ActiveCfg = Debug|Win32
		{059D0F9F-F8B7-466B-A3DF-5E0724157A8A}.Debug|x86.Build.0 = Debug|Win32
		{059D0F9F-F8B7-466B-A3DF-5E0724157A8A}.Release|x64.ActiveCfg = Release|x64
		{059D0F9F-F8B7-466B-A3DF-5E0724157A8A}.Release|x64.Build.0 = Release|x64
		{059D0F9F-F8B7-466B-A3DF-5E0724157A8A}.Release|x86.ActiveCfg = Release|Win32
		{059D0F9F-F8B7-466B-A3DF-5E0724157A8A}.Release|x86.Build.0 = Release|Win32
		{29D9B909-4E29-49F4-9615-BAE84F1F53C9}.Debug|x64.ActiveCfg = Debug|x64
		{29D9B909-4E29-49F4-9615-BAE84F1F53C9}.Debug|x64.Build.0 = Debug|x64
		{29D9B909-4E29-49F4-9615-BAE84F1F53C9}.Debug|x86.ActiveCfg = Debug|Win32
		{29D9B909-4E29-49F4-9615-BAE84F1F53C9}.Debug|x86.Build.0 = Debug|Win32
		{29D9B909-4E29-49F4-9615-BAE84F1F53C9}.Release|x64.ActiveCfg = Release|x64
		{29D9B909-4E29-49F4-9615-BAE84F1F53C9}.Release|x64.Build.0 = Release|x64
		{29D9B909-4E29-49F4-9615-BAE84F1F53C9}.Release|x86.ActiveCfg = Release|Win32
		{29D9B909-4E29-49F4-9615-BAE84F1F53C9}.Release|x86.Build.0 = Release|Win32
		{2FAD8701-D434-4727-A621-EF6EF6105ECA}.Debug|x64.ActiveCfg = Debug|x64
		{2FAD8701-D434-4727-A621-EF6EF6105ECA}.Debug|x64.Build.0 = Debug|x64
		{2FAD8701-D434-4727-A621-EF6EF6105ECA}.Debug|x86.ActiveCfg = Debug|Win32
		{2FAD8701-D434-4727-A621-EF6EF6105ECA}.Debug|x86.Build.0 = Debug|Win32
		{2FAD8701-D434-4727-A621-EF6EF6105ECA}.Release|x64.ActiveCfg = Release|x64
		{2FAD8701-D434-4727-A621-EF6EF6105ECA}.Release|x64.Build.0 = Release|x64
		{2FAD8701-D434-4727-A621-EF6EF6105ECA}.Release|x86.ActiveCfg = Release|Win32
		{2FAD8701-D434-4727-A621-EF6EF6105ECA}.Release|x86.Build.0 = Release|Win32
		{DB70757C-5C87-40C5-91AD-DFFCFB09BCE2}.Debug|x64.ActiveCfg = Debug|x64
		{DB70757C-5C87-40C5-91AD-DFFCFB09BCE2}.Debug|x64.Build.0 = Debug|x64
		{DB70757C-5C87-40C5-91AD-DFFCFB09BCE2}.Debug|x86.ActiveCfg = Debug|Win32
		{DB70757C-5C87-40C5-91AD-DFFCFB09BCE2}.Debug|x86.Build.0 = Debug|Win32
		{DB70757C-5C87-40C5-91AD-DFFCFB09BCE2}.Release|x64.ActiveCfg = Release|x64
		{DB70757C-5C87-40C5-91AD-DFFCFB09BCE2}.Release|x64.Build.0 = Release|x64
		{DB70757C-5C87-40C5-91AD-DFFCFB09BCE2}.Release|x86.ActiveCfg = Release|Win32
		{DB70757C-5C87-40C5-91AD-DFFCFB09BCE2}.Release|x86.Build.0 = Release|Win32
		{CDA359C6-37E9-45FB-89AB-FADEB2203940}.Debug|x64.ActiveCfg = Debug|x64
		{CDA359C6-37E9-45FB-89AB-FADEB2203940}.Debug|x64.Build.0 = Debug|x64
		{CDA359C6-37E9-45FB-89AB-FADEB2203940}.Debug|x86.ActiveCfg = Debug|Win32
		{CDA359C6-37E9-45FB-89AB-FADEB2203940}.Debug|x86.Build.0 = Debug|Win32
		{CDA359C6-37E9-45FB-89AB-FADEB2203940}.Release|x64.ActiveCfg = Release|x64
		{CDA359C6-37E9-45FB-89AB-FADEB2203940}.Release|x64.Build.0 = Release|x64
		{CDA359C6-37E9-45FB-89AB-FADEB2203940}.Release|x86.ActiveCfg = Release|Win32
		{CDA359C6-37E9-45FB-89AB-FADEB2203940}.Release|x86.Build.0 = Release|Win32
		{0C6B4612-7DCE-4415-92FD-8C5033390F9D}.Debug|x64.ActiveCfg = Debug|x64
		{0C6B4612-7DCE-4415-92FD-8C5033390F9D}.Debug|x64.Build.0 = Debug|x64
		{0C6B4612-7DCE-4415-92FD-8C5033390F9D}.Debug|x86.ActiveCfg = Debug|Win32
		{0C6B4612-7DCE-4415-92FD-8C5033390F9D}.Debug|x86.Build.0 = Debug|Win32
		{0C6B4612-7DCE-4415-92FD-8C5033390F9D}.Release|x64.ActiveCfg = Release|x64
		{0C6B4612-7DCE-4415-92FD-8C5033390F9D}.Release|x64.Build.0 = Release|x64
		{0C6B4612-7DCE-4415-92FD-8C5033390F9D}.Release|x86.ActiveCfg = Release|Win32
		{0C6B4612-7DCE-4415-92FD-8C5033390F9D}.Release|x86.Build.0 = Release|Win32
		{245EB812-9EFE-4591-948E-52E686DF0625}.Debug|x64.ActiveCfg = Debug|x64
		{245EB812-9EFE-4591-948E-52E686DF0625}.Debug|x64.Build.0 = Debug|x64
		{245EB812-9EFE-4591-948E-52E686DF0625}.Debug|x86.ActiveCfg = Debug|Win32
		{245EB812-9EFE-4591-948E-52E686DF0625}.Debug|x86.Build.0 = Debug|Win32
		{245EB812-9EFE-4591-948E-52E686DF0625}.Release|x64.ActiveCfg = Release|x64
		{245EB812-9EFE-4591-948E-52E686DF0625}.Release|x64.Build.0 = Release|x64
		{245EB812-9EFE-4591-948E-52E686DF0625}.Release|x86.ActiveCfg = Release|Win32
		{245EB812-9EFE-4591-948E-52E686DF0625}.Release|x86.Build.0 = Release|Win32
		{6163F609-26ED-4DA7-85D6-F6FFAC13F2CF}.Debug|x64.ActiveCfg = Debug|x64
		{6163F609-26ED-4DA7-85D6-F6FFAC13F2CF}.Debug|x64.Build.0 = Debug|x64
		{6163F609-26ED-4DA7-85D6-F6FFAC13F2CF}.Debug|x86.ActiveCfg = Debug|Win32
		{6163F609-26ED-4DA7-85D6-F6FFAC13F2CF}.Debug|x86.Build.0 = Debug|Win32
		{6163F609-26ED-4DA7-85D6-F6FFAC13F2CF}.Release|x64.ActiveCfg = Release|x64
		{6163F609-26ED-4DA7-85D6-F6FFAC13F2CF}.Release|x64.Build.0 = Release|x64
		{6163F609-26ED-4DA7-85D6-F6FFAC13F2CF}.Release|x86.ActiveCfg = Release|Win32
		{6163F609-26ED-4DA7-85D6-F6FFAC13F2CF}.Release|x86.Build.0 = Release|Win32
		{5B54D832-09F2-492B-A609-5BCB23BFE22E}.Debug|x64.ActiveCfg = Debug|x64
		{5B54D832-09F2-492B-A609-5BCB23BFE22E}.Debug|x64.Build.0 = Debug|x64
		{5B54D832-09F2-492B-A609-5BCB23BFE22E}.Debug|x86.ActiveCfg = Debug|Win32
		{5B54D832-09F2-492B-A609-5BCB23BFE22E}.Debug|x86.Build.0 = Debug|Win32
		{5B54D832-09F2-492B-A609-5BCB23BFE22E}.Release|x64.ActiveCfg = Release|x64
		{5B54D832-09F2-492B-A609-5BCB23BFE22E}.Release|x64.Build.0 = Release|x64
		{5B54D832-09F2-492B-A609-5BCB23BFE22E}.Release|x86.ActiveCfg = Release|Win32
		{5B54D832-09F2-492B-A609-5BCB23BFE22E}.Release|x86.Build.0 = Release|Win32
		{0DB3B450-8703-4A74-92BC-3453D865F675}.Debug|x64.ActiveCfg = Debug|x64
		{0DB3B450-8703-4A74-92BC-3453D865F675}.Debug|x64.Build.0 = Debug|x64
		{0DB3B450-8703-4A74-92BC-3453D865F675}.Debug|x86.ActiveCfg = Debug|Win32
		{0DB3B450-8703-4A74-92BC-3453D865F675}.Debug|x86.Build.0 = Debug|Win32
		{0DB3B450-8703-4A74-92BC-3453D865F675}.Release|x64.ActiveCfg = Release|x64
		{0DB3B450-8703-4A74-92BC-3453D865F675}.Release|x64.Build.0 = Release|x64
		{0DB3B450-8703-4A74-92BC-3453D865F675}.Release|x86.ActiveCfg = Release|Win32
		{0DB3B450-8703-4A74-92BC-3453D865F675}.Release|x86.Build.0 = Release|Win32
		{51A975B8-E0F1-4187-A8AA-436627C049BA}.Debug|x64.ActiveCfg = Debug|x64
		{51A975B8-E0F1-4187-A8AA-436627C049BA}.Debug|x64.Build.0 = Debug|x64
		{51A975B8-E0F1-4187-A8AA-436627C049BA}.Debug|x86.ActiveCfg = Debug|Win32
		{51A975B8-E0F1-4187-A8AA-436627C049BA}.Debug|x86.Build.0 = Debug|Win32
		{51A975B8-E0F1-4187-A8AA-436627C049BA}.Release|x64.ActiveCfg = Release|x64
		{51A975B8-E0F1-4187-A8AA-436627C049BA}.Release|x64.Build.0 = Release|x64
		{51A975B8-E0F1-4187-A8AA-436627C049BA}.Release|x86.ActiveCfg = Release|Win32
		{51A975B8-E0F1-4187-A8AA-436627C049BA}.Release|x86.Build.0 = Release|Win32
		{D4FB5846-8C05-478A-B40A-1F7370497187}.Debug|x64.ActiveCfg = Debug|x64
		{D4FB5846-8C05-478A-B40A-1F7370497187}.Debug|x64.Build.0 = Debug|x64
		{D4FB5846-8C05-478A-B40A-1F7370497187}.Debug|x86.ActiveCfg = Debug|Win32
		{D4FB5846-8C05-478A-B40A-1F7370497187}.Debug|x86.Build.0 = Debug|Win32
		{D4FB5846-8C05-478A-B40A-1F7370497187}.Release|x64.ActiveCfg = Release|x64
		{D4FB5846-8C05-478A-B40A-1F7370497187}.Release|x64.Build.0 = Release|x64
		{D4FB5846-8C05-478A-B40A-1F7370497187}.Release|x86.ActiveCfg = Release|Win32
		{D4FB5846-8C05-478A-B40A-1F7370497187}.Release|x86.Build.0 = Release|Win32
		{E95566A6-5F41-43CD-82E9-9B1113AE9BFE}.Debug|x64.ActiveCfg = Debug|x64
		{E95566A6-5F41-43CD-82E9-9B1113AE9BFE}.Debug|x64.Build.0 = Debug|x64
		{E95566A6-5F41-43CD-82E9-9B1113AE9BFE}.Debug|x86.ActiveCfg = Debug|Win32
		{E95566A6-5F41-43CD-82E9-9B1113AE9BFE}.Debug|x86.Build.0 = Debug|Win32
		{E95566A6-5F41-43CD-82E9-9B1113AE9BFE}.Release|x64.ActiveCfg = Release|x64
		{E95566A6-5F41-43CD-82E9-9B1113AE9BFE}.Release|x64.Build.0 = Release|x64
		{E95566A6-5F41-43CD-82E9-9B1113AE9BFE}.Release|x86.ActiveCfg = Release|Win32
		{E95566A6-5F41-43CD-82E9-9B1113AE9BFE}.Release|x86.Build.0 = Release|Win32
		{C2986311-32B2-481D-ABCC-C5961174F5D9}.Debug|x64.ActiveCfg = Debug|x64
		{C2986311-32B2-481D-ABCC-C5961174F5D9}.Debug|x64.Build.0 = Debug|x64
		{C2986311-32B2-481D-ABCC-C5961174F5D9}.Debug|x86.ActiveCfg = Debug|Win32
		{C2986311-32B2-481D-ABCC-C5961174F5D9}.Debug|x86.Build.0 = Debug|Win32
		{C2986311-32B2-481D-ABCC-C5961174F5D9}.Release|x64.ActiveCfg = Release|x64
		{C2986311-32B2-481D-ABCC-C5961174F5D9}.Release|x64.Build.0 = Release|x64
		{C2986311-32B2-481D-ABCC-C5961174F5D9}.Release|x86.ActiveCfg = Release|Win32
		{C2986311-32B2-481D-ABCC-C5961174F5D9}.Release|x86.Build.0 = Release|Win32
		{19565238-96B0-4869-AEA9-D229F54018B0}.Debug|x64.ActiveCfg = Debug|x64
		{19565238-96B0-4869-AEA9-D229F54018B0}.Debug|x64.Build.0 = Debug|x64
		{19565238-96B0-4869-AEA9-D229F54018B0}.Debug|x86.ActiveCfg = Debug|Win32
		{19565238-96B0-4869-AEA9-D229F54018B0}.Debug|x86.Build.0 = Debug|Win32
		{19565238-96B0-4869-AEA9-D229F54018B0}.Release|x64.ActiveCfg = Release|x64
		{19565238-96B0-4869-AEA9-D229F54018B0}.Release|x64.Build.0 = Release|x64
		{19565238-96B0-4869-AEA9-D229F54018B0}.Release|x86.ActiveCfg = Release|Win32
		{19565238-96B0-4869-AEA9-D229F54018B0}.Release|x86.Build.0 = Release|Win32
		{781599FF-C378-4EEB-95A6-373823FC470D}.Debug|x64.ActiveCfg = Debug|x64
		{781599FF-C378-4EEB-95A6-373823FC470D}.Debug|x64.Build.0 = Debug|x64
		{781599FF-C378-4EEB-95A6-373823FC470D}.Debug|x86.ActiveCfg = Debug|Win32
		{781599FF-C378-4EEB-95A6-373823FC470D}.Debug|x86.Build.0 = Debug|Win32
		{781599FF-C378-4EEB-95A6-373823FC470D}.Release|x64.ActiveCfg = Release|x64
		{781599FF-C378-4EEB-95A6-373823FC470D}.Release|x64.Build.0 = Release|x64
		{781599FF-C378-4EEB-95A6-373823FC470D}.Release|x86.ActiveCfg = Release|Win32
		{781599FF-C378-4EEB-95A6-373823FC470D}.Release|x86.Build.0 = Release|Win32
		{1D1EDD0E-3591-49DE-909D-1EDD0E6643A0}.Debug|x64.ActiveCfg = Debug|x64
		{1D1EDD0E-3591-49DE-909D-1EDD0E6643A0}.Debug|x64.Build.0 = Debug|x64
		{1D1EDD0E-3591-49DE-909D-1EDD0E6643A0}.Debug|x86.ActiveCfg = Debug|Win32
		{1D1EDD0E-3591-49DE-909D-1EDD0E6643A0}.Debug|x86.Build.0 = Debug|Win32
		{1D1EDD0E-3591-49DE-909D-1EDD0E6643A0}.Release|x64.ActiveCfg = Release|x64
		{1D1EDD0E-3591-49DE-909D-1EDD0E6643A0}.Release|x64.Build.0 = Release|x64
		{1D1EDD0E-3591-49DE-909D-1EDD0E6643A0}.Release|x86.ActiveCfg = Release|Win32
		{1D1EDD0E-3591-49DE-909D-1EDD0E6643A0}.Release|x86.Build.0 = Release|Win32
		{50DB8A1F-16BA-49AB-80FE-BC9BA7CB350B}.Debug|x64.ActiveCfg = Debug|x64
		{50DB8A1F-16BA-49AB-80FE-BC9BA7CB350B}.Debug|x64.Build.0 = Debug|x64
		{50DB8A1F-16BA-49AB-80FE-BC9BA7CB350B}.Debug|x86.ActiveCfg = Debug|Win32
		{50DB8A1F-16BA-49AB-80FE-BC9BA7CB350B}.Debug|x86.Build.0 = Debug|Win32
		{50DB8A1F-16BA-49AB-80FE-BC9BA7CB350B}.Release|x64.ActiveCfg = Release|x64
		{50DB8A1F-16BA-49AB-80FE-BC9BA7CB350B}.Release|x64.Build.0 = Release|x64
		{50DB8A1F-16BA-49AB-80FE-BC9BA7CB350B}.Release|x86.ActiveCfg = Release|Win32
		{50DB8A1F-16BA-49AB-80FE-BC9BA7CB350B}.Release|x86.Build.0 = Release|Win32
		{AC240E93-0455-4157-806F-31EF174EF522}.Debug|x64.ActiveCfg = Debug|x64
		{AC240E93-0455-4157-806F-31EF174EF522}.Debug|x64.Build.0 = Debug|x64
		{AC240E93-0455-4157-806F-31EF174EF522}.Debug|x86.ActiveCfg = Debug|Win32
		{AC240E93-0455-4157-806F-31EF174EF522}.Debug|x86.Build.0 = Debug|Win32
		{AC240E93-0455-4157-806F-31EF174EF522}.Release|x64.ActiveCfg = Release|x64
		{AC240E93-0455-4157-806F-31EF174EF522}.Release|x64.Build.0 = Release|x64
		{AC240E93-0455-4157-806F-31EF174EF522}.Release|x86.ActiveCfg = Release|Win32
		{AC240E93-0455-4157-806F-31EF174EF522}.Release|x86.Build.0 = Release|Win32
		{24821884-F682-4C93-84BC-0FF1F8F3B27E}.Debug|x64.ActiveCfg = Debug|x64
		{24821884-F682-4C93-84BC-0FF1F8F3B27E}.Debug|x64.Build.0 = Debug|x64
		{24821884-F682-4C93-84BC-0FF1F8F3B27E}.Debug|x86.ActiveCfg = Debug|Win32
		{24821884-F682-4C93-84BC-0FF1F8F3B27E}.Debug|x86.Build.0 = Debug|Win32
		{24821884-F682-4C93-84BC-0FF1F8F3B27E}.Release|x64.ActiveCfg = Release|x64
		{24821884-F682-4C93-84BC-0FF1F8F3B27E}.Release|x64.Build.0 = Release|x64
		{24821884-F682-4C93-84BC-0FF1F8F3B27E}.Release|x86.ActiveCfg = Release|Win32
		{24821884-F682-4C93-84BC-0FF1F8F3B27E}.Release|x86.Build.0 = Release|Win32
	EndGlobalSection
	GlobalSection(SolutionProperties) = preSolution
		HideSolutionNode = FALSE
	EndGlobalSection
	GlobalSection(NestedProjects) = preSolution
		{FE23300E-1106-4E17-9E3D-468DCA98C6BC} = {5A7FAFE7-33D7-446D-8D81-85669119F5CF}
		{40E23D60-8883-45A4-9DBA-AF9B9562C074} = {5A7FAFE7-33D7-446D-8D81-85669119F5CF}
		{BB262CB2-7BC3-46FF-93E9-E6E2A694E372} = {FE23300E-1106-4E17-9E3D-468DCA98C6BC}
		{2274D789-F9AC-4D15-8688-155C65ED95B5} = {FE23300E-1106-4E17-9E3D-468DCA98C6BC}
		{5FCEBAF8-994B-4B88-A965-63FD321D53D2} = {40E23D60-8883-45A4-9DBA-AF9B9562C074}
		{201D0C87-2C8B-4A3A-B0DF-BD3F98F8CFDB} = {40E23D60-8883-45A4-9DBA-AF9B9562C074}
		{382031CA-1A0C-41E0-9ADE-DE10DA98C691} = {D06922F9-3B8D-44B7-9A8A-E279690812F0}
		{5B1A6621-B3B3-45A1-B2B9-8E1EF2CC2649} = {D06922F9-3B8D-44B7-9A8A-E279690812F0}
		{546D116B-A44C-4FAF-A77B-18A06CE61235} = {D06922F9-3B8D-44B7-9A8A-E279690812F0}
		{1E3E0E9B-F6EB-43E3-9AE2-4B7D8B2ECD9A} = {382031CA-1A0C-41E0-9ADE-DE10DA98C691}
		{E5AD61C8-303E-4BD5-A80D-93AE00E51CC2} = {5B1A6621-B3B3-45A1-B2B9-8E1EF2CC2649}
		{474EBDB6-590D-4180-9915-EC70FB3C305B} = {546D116B-A44C-4FAF-A77B-18A06CE61235}
		{7120D76D-997F-47AF-8C08-981A1F955E88} = {D06922F9-3B8D-44B7-9A8A-E279690812F0}
		{A5F0C6A5-BF5E-4A69-83C1-C5A1D5216DE5} = {7120D76D-997F-47AF-8C08-981A1F955E88}
		{B70BE6A8-BF32-4150-A4F4-B27615832655} = {A5F0C6A5-BF5E-4A69-83C1-C5A1D5216DE5}
		{AA391BD7-C71A-4437-807D-CDFE1165F3F1} = {7120D76D-997F-47AF-8C08-981A1F955E88}
		{D30D2FEF-DE50-4F51-953D-1F7CEFFA6736} = {7120D76D-997F-47AF-8C08-981A1F955E88}
		{51DEF370-4BC1-4523-A7AA-D4B430580076} = {7120D76D-997F-47AF-8C08-981A1F955E88}
		{059D0F9F-F8B7-466B-A3DF-5E0724157A8A} = {AA391BD7-C71A-4437-807D-CDFE1165F3F1}
		{29D9B909-4E29-49F4-9615-BAE84F1F53C9} = {D30D2FEF-DE50-4F51-953D-1F7CEFFA6736}
		{2FAD8701-D434-4727-A621-EF6EF6105ECA} = {51DEF370-4BC1-4523-A7AA-D4B430580076}
		{802F19E9-023B-4BAE-8106-DB0106E15577} = {7120D76D-997F-47AF-8C08-981A1F955E88}
		{DB70757C-5C87-40C5-91AD-DFFCFB09BCE2} = {802F19E9-023B-4BAE-8106-DB0106E15577}
		{9E5FC40B-FAC4-4322-8311-F95BE1A38E57} = {34A0EEA8-ED30-4BDD-A58B-E01CFC1C6639}
		{0701FC5F-FA8E-4686-A4DB-2E8AF443B9AC} = {34A0EEA8-ED30-4BDD-A58B-E01CFC1C6639}
		{D83C893E-1179-4237-9E06-98F3F83FDC5B} = {34A0EEA8-ED30-4BDD-A58B-E01CFC1C6639}
		{D199FD20-462D-4D30-A210-9C449CB35C0F} = {34A0EEA8-ED30-4BDD-A58B-E01CFC1C6639}
		{8440D331-0EDC-4546-B20A-5E18391F27C9} = {34A0EEA8-ED30-4BDD-A58B-E01CFC1C6639}
		{CDA359C6-37E9-45FB-89AB-FADEB2203940} = {9E5FC40B-FAC4-4322-8311-F95BE1A38E57}
		{0C6B4612-7DCE-4415-92FD-8C5033390F9D} = {0701FC5F-FA8E-4686-A4DB-2E8AF443B9AC}
		{245EB812-9EFE-4591-948E-52E686DF0625} = {D83C893E-1179-4237-9E06-98F3F83FDC5B}
		{6163F609-26ED-4DA7-85D6-F6FFAC13F2CF} = {D199FD20-462D-4D30-A210-9C449CB35C0F}
		{5B54D832-09F2-492B-A609-5BCB23BFE22E} = {8440D331-0EDC-4546-B20A-5E18391F27C9}
		{47F7537D-E5A7-4335-9526-6154CD87C6E6} = {DA8ECBD3-F24A-4498-803D-CC0222BCAFA8}
		{F149ED01-4284-4C0D-9FFA-6D8C961828CB} = {DA8ECBD3-F24A-4498-803D-CC0222BCAFA8}
		{29C82919-022C-4E19-B31B-CB19B415E4EE} = {DA8ECBD3-F24A-4498-803D-CC0222BCAFA8}
		{0DB3B450-8703-4A74-92BC-3453D865F675} = {47F7537D-E5A7-4335-9526-6154CD87C6E6}
		{FDC9F293-C040-488A-BED2-A35EDB8ABD50} = {F149ED01-4284-4C0D-9FFA-6D8C961828CB}
		{51A975B8-E0F1-4187-A8AA-436627C049BA} = {FDC9F293-C040-488A-BED2-A35EDB8ABD50}
		{D4FB5846-8C05-478A-B40A-1F7370497187} = {29C82919-022C-4E19-B31B-CB19B415E4EE}
		{CCDD8B65-7562-40FD-9EB8-AF86226896AD} = {156892C7-CE3D-45A4-B3A7-F6BA8091399F}
		{AAD0FC10-6671-4C82-BEBF-3E41E933441A} = {156892C7-CE3D-45A4-B3A7-F6BA8091399F}
		{0B79130B-A8EB-40CE-9EE1-055CA341055C} = {156892C7-CE3D-45A4-B3A7-F6BA8091399F}
		{F202F1A7-A1FE-47B9-A274-DBC475626C8B} = {156892C7-CE3D-45A4-B3A7-F6BA8091399F}
		{E95566A6-5F41-43CD-82E9-9B1113AE9BFE} = {CCDD8B65-7562-40FD-9EB8-AF86226896AD}
		{C2986311-32B2-481D-ABCC-C5961174F5D9} = {0B79130B-A8EB-40CE-9EE1-055CA341055C}
		{64097DB2-FEEE-41BC-9534-6D1501F0CFDF} = {AAD0FC10-6671-4C82-BEBF-3E41E933441A}
		{AC73A740-F072-4A4D-AA41-3D0C986572F2} = {AAD0FC10-6671-4C82-BEBF-3E41E933441A}
		{19565238-96B0-4869-AEA9-D229F54018B0} = {64097DB2-FEEE-41BC-9534-6D1501F0CFDF}
		{781599FF-C378-4EEB-95A6-373823FC470D} = {AC73A740-F072-4A4D-AA41-3D0C986572F2}
		{1D1EDD0E-3591-49DE-909D-1EDD0E6643A0} = {F202F1A7-A1FE-47B9-A274-DBC475626C8B}
		{9B3BCE20-101B-4428-8725-67B3CE7BCA6D} = {CC5CDC59-4161-47D5-A715-BD7DA6E065AF}
		{E6AB46A3-E93E-4312-8648-7ECB46931F64} = {CC5CDC59-4161-47D5-A715-BD7DA6E065AF}
		{622E1A03-1633-47A1-8896-7D7B46A21697} = {CC5CDC59-4161-47D5-A715-BD7DA6E065AF}
		{50DB8A1F-16BA-49AB-80FE-BC9BA7CB350B} = {9B3BCE20-101B-4428-8725-67B3CE7BCA6D}
		{AC240E93-0455-4157-806F-31EF174EF522} = {E6AB46A3-E93E-4312-8648-7ECB46931F64}
		{24821884-F682-4C93-84BC-0FF1F8F3B27E} = {622E1A03-1633-47A1-8896-7D7B46A21697}
	EndGlobalSection
	GlobalSection(ExtensibilityGlobals) = postSolution
		SolutionGuid = {CB970E91-6EE9-4BDF-8508-84FF4A4131E6}
	EndGlobalSection
EndGlobal
